
Microsoft Visual Studio Solution File, Format Version 12.00
# Visual Studio Version 17
VisualStudioVersion = 17.2.32616.157
MinimumVisualStudioVersion = 10.0.40219.1
Project("{FAE04EC0-301F-11D3-BF4B-00C04F79EFBC}") = "Exercício08", "Exercício08\Exercício08.csproj", "{0160C8C3-44DC-4C0C-BB00-ADB345A0EC88}"
EndProject
Global
	GlobalSection(SolutionConfigurationPlatforms) = preSolution
		Debug|Any CPU = Debug|Any CPU
		Release|Any CPU = Release|Any CPU
	EndGlobalSection
	GlobalSection(ProjectConfigurationPlatforms) = postSolution
		{0160C8C3-44DC-4C0C-BB00-ADB345A0EC88}.Debug|Any CPU.ActiveCfg = Debug|Any CPU
		{0160C8C3-44DC-4C0C-BB00-ADB345A0EC88}.Debug|Any CPU.Build.0 = Debug|Any CPU
		{0160C8C3-44DC-4C0C-BB00-ADB345A0EC88}.Release|Any CPU.ActiveCfg = Release|Any CPU
		{0160C8C3-44DC-4C0C-BB00-ADB345A0EC88}.Release|Any CPU.Build.0 = Release|Any CPU
	EndGlobalSection
	GlobalSection(SolutionProperties) = preSolution
		HideSolutionNode = FALSE
	EndGlobalSection
	GlobalSection(ExtensibilityGlobals) = postSolution
		SolutionGuid = {8A8147ED-B4FB-4AB9-B31D-977C1FF95301}
	EndGlobalSection
EndGlobal
