
Microsoft Visual Studio Solution File, Format Version 12.00
# Visual Studio Version 17
VisualStudioVersion = 17.5.33414.496
MinimumVisualStudioVersion = 10.0.40219.1
Project("{FAE04EC0-301F-11D3-BF4B-00C04F79EFBC}") = "1 - File_and_FileInfo", "1 - File_and_FileInfo\1 - File_and_FileInfo.csproj", "{6B7B3043-F451-4F5E-99F3-1CA35213CE92}"
EndProject
Global
	GlobalSection(SolutionConfigurationPlatforms) = preSolution
		Debug|Any CPU = Debug|Any CPU
		Release|Any CPU = Release|Any CPU
	EndGlobalSection
	GlobalSection(ProjectConfigurationPlatforms) = postSolution
		{6B7B3043-F451-4F5E-99F3-1CA35213CE92}.Debug|Any CPU.ActiveCfg = Debug|Any CPU
		{6B7B3043-F451-4F5E-99F3-1CA35213CE92}.Debug|Any CPU.Build.0 = Debug|Any CPU
		{6B7B3043-F451-4F5E-99F3-1CA35213CE92}.Release|Any CPU.ActiveCfg = Release|Any CPU
		{6B7B3043-F451-4F5E-99F3-1CA35213CE92}.Release|Any CPU.Build.0 = Release|Any CPU
	EndGlobalSection
	GlobalSection(SolutionProperties) = preSolution
		HideSolutionNode = FALSE
	EndGlobalSection
	GlobalSection(ExtensibilityGlobals) = postSolution
		SolutionGuid = {A43B71CA-F6B1-477B-A498-D40DC8E15BF9}
	EndGlobalSection
EndGlobal
