
Microsoft Visual Studio Solution File, Format Version 12.00
# Visual Studio Version 17
VisualStudioVersion = 17.2.32616.157
MinimumVisualStudioVersion = 10.0.40219.1
Project("{FAE04EC0-301F-11D3-BF4B-00C04F79EFBC}") = "ConsoleApp1", "ConsoleApp1\ConsoleApp1.csproj", "{0CC06100-CA41-4D4D-912C-150D362856A6}"
EndProject
Global
	GlobalSection(SolutionConfigurationPlatforms) = preSolution
		Debug|Any CPU = Debug|Any CPU
		Release|Any CPU = Release|Any CPU
	EndGlobalSection
	GlobalSection(ProjectConfigurationPlatforms) = postSolution
		{0CC06100-CA41-4D4D-912C-150D362856A6}.Debug|Any CPU.ActiveCfg = Debug|Any CPU
		{0CC06100-CA41-4D4D-912C-150D362856A6}.Debug|Any CPU.Build.0 = Debug|Any CPU
		{0CC06100-CA41-4D4D-912C-150D362856A6}.Release|Any CPU.ActiveCfg = Release|Any CPU
		{0CC06100-CA41-4D4D-912C-150D362856A6}.Release|Any CPU.Build.0 = Release|Any CPU
	EndGlobalSection
	GlobalSection(SolutionProperties) = preSolution
		HideSolutionNode = FALSE
	EndGlobalSection
	GlobalSection(ExtensibilityGlobals) = postSolution
		SolutionGuid = {C0C2CB68-0064-42F6-9181-E4BF3FBA8A49}
	EndGlobalSection
EndGlobal
