
Microsoft Visual Studio Solution File, Format Version 12.00
# Visual Studio Version 17
VisualStudioVersion = 17.2.32616.157
MinimumVisualStudioVersion = 10.0.40219.1
Project("{FAE04EC0-301F-11D3-BF4B-00C04F79EFBC}") = "3 - Repetitiva Exercício 3.1", "3 - Repetitiva Exercício 3.1\3 - Repetitiva Exercício 3.1.csproj", "{4A9F141F-08F4-42B1-B1EC-F65D45A46D6D}"
EndProject
Global
	GlobalSection(SolutionConfigurationPlatforms) = preSolution
		Debug|Any CPU = Debug|Any CPU
		Release|Any CPU = Release|Any CPU
	EndGlobalSection
	GlobalSection(ProjectConfigurationPlatforms) = postSolution
		{4A9F141F-08F4-42B1-B1EC-F65D45A46D6D}.Debug|Any CPU.ActiveCfg = Debug|Any CPU
		{4A9F141F-08F4-42B1-B1EC-F65D45A46D6D}.Debug|Any CPU.Build.0 = Debug|Any CPU
		{4A9F141F-08F4-42B1-B1EC-F65D45A46D6D}.Release|Any CPU.ActiveCfg = Release|Any CPU
		{4A9F141F-08F4-42B1-B1EC-F65D45A46D6D}.Release|Any CPU.Build.0 = Release|Any CPU
	EndGlobalSection
	GlobalSection(SolutionProperties) = preSolution
		HideSolutionNode = FALSE
	EndGlobalSection
	GlobalSection(ExtensibilityGlobals) = postSolution
		SolutionGuid = {1F7D0BE1-CD0B-4A32-9BA9-F12FCA76825A}
	EndGlobalSection
EndGlobal
