
Microsoft Visual Studio Solution File, Format Version 12.00
# Visual Studio Version 17
VisualStudioVersion = 17.5.33414.496
MinimumVisualStudioVersion = 10.0.40219.1
Project("{FAE04EC0-301F-11D3-BF4B-00C04F79EFBC}") = "4 - HotelReservation 2", "4 - HotelReservation 2\4 - HotelReservation 2.csproj", "{FCEA1BE2-DA53-4D82-A403-9B0E9295B969}"
EndProject
Global
	GlobalSection(SolutionConfigurationPlatforms) = preSolution
		Debug|Any CPU = Debug|Any CPU
		Release|Any CPU = Release|Any CPU
	EndGlobalSection
	GlobalSection(ProjectConfigurationPlatforms) = postSolution
		{FCEA1BE2-DA53-4D82-A403-9B0E9295B969}.Debug|Any CPU.ActiveCfg = Debug|Any CPU
		{FCEA1BE2-DA53-4D82-A403-9B0E9295B969}.Debug|Any CPU.Build.0 = Debug|Any CPU
		{FCEA1BE2-DA53-4D82-A403-9B0E9295B969}.Release|Any CPU.ActiveCfg = Release|Any CPU
		{FCEA1BE2-DA53-4D82-A403-9B0E9295B969}.Release|Any CPU.Build.0 = Release|Any CPU
	EndGlobalSection
	GlobalSection(SolutionProperties) = preSolution
		HideSolutionNode = FALSE
	EndGlobalSection
	GlobalSection(ExtensibilityGlobals) = postSolution
		SolutionGuid = {B8DCCA60-3F5A-462D-9B64-D379A7D72E5C}
	EndGlobalSection
EndGlobal
