
Microsoft Visual Studio Solution File, Format Version 12.00
# Visual Studio Version 17
VisualStudioVersion = 17.5.33414.496
MinimumVisualStudioVersion = 10.0.40219.1
Project("{FAE04EC0-301F-11D3-BF4B-00C04F79EFBC}") = "3 - Exercicio_Fixacao", "3 - Exercicio_Fixacao\3 - Exercicio_Fixacao.csproj", "{A9A2DC14-D671-4406-8EA2-C2D7C78CFD91}"
EndProject
Global
	GlobalSection(SolutionConfigurationPlatforms) = preSolution
		Debug|Any CPU = Debug|Any CPU
		Release|Any CPU = Release|Any CPU
	EndGlobalSection
	GlobalSection(ProjectConfigurationPlatforms) = postSolution
		{A9A2DC14-D671-4406-8EA2-C2D7C78CFD91}.Debug|Any CPU.ActiveCfg = Debug|Any CPU
		{A9A2DC14-D671-4406-8EA2-C2D7C78CFD91}.Debug|Any CPU.Build.0 = Debug|Any CPU
		{A9A2DC14-D671-4406-8EA2-C2D7C78CFD91}.Release|Any CPU.ActiveCfg = Release|Any CPU
		{A9A2DC14-D671-4406-8EA2-C2D7C78CFD91}.Release|Any CPU.Build.0 = Release|Any CPU
	EndGlobalSection
	GlobalSection(SolutionProperties) = preSolution
		HideSolutionNode = FALSE
	EndGlobalSection
	GlobalSection(ExtensibilityGlobals) = postSolution
		SolutionGuid = {00CA061A-7820-4EEA-8975-51782359E7FB}
	EndGlobalSection
EndGlobal
