
Microsoft Visual Studio Solution File, Format Version 12.00
# Visual Studio Version 17
VisualStudioVersion = 17.2.32616.157
MinimumVisualStudioVersion = 10.0.40219.1
Project("{FAE04EC0-301F-11D3-BF4B-00C04F79EFBC}") = "Exercicio_2", "Exercicio_2\Exercicio_2.csproj", "{D72B9234-79DD-492A-A48E-7E8FC101AB2A}"
EndProject
Global
	GlobalSection(SolutionConfigurationPlatforms) = preSolution
		Debug|Any CPU = Debug|Any CPU
		Release|Any CPU = Release|Any CPU
	EndGlobalSection
	GlobalSection(ProjectConfigurationPlatforms) = postSolution
		{D72B9234-79DD-492A-A48E-7E8FC101AB2A}.Debug|Any CPU.ActiveCfg = Debug|Any CPU
		{D72B9234-79DD-492A-A48E-7E8FC101AB2A}.Debug|Any CPU.Build.0 = Debug|Any CPU
		{D72B9234-79DD-492A-A48E-7E8FC101AB2A}.Release|Any CPU.ActiveCfg = Release|Any CPU
		{D72B9234-79DD-492A-A48E-7E8FC101AB2A}.Release|Any CPU.Build.0 = Release|Any CPU
	EndGlobalSection
	GlobalSection(SolutionProperties) = preSolution
		HideSolutionNode = FALSE
	EndGlobalSection
	GlobalSection(ExtensibilityGlobals) = postSolution
		SolutionGuid = {EE129BB1-85BB-4195-827F-0C677BB5F3F3}
	EndGlobalSection
EndGlobal
