
Microsoft Visual Studio Solution File, Format Version 12.00
# Visual Studio Version 17
VisualStudioVersion = 17.5.33414.496
MinimumVisualStudioVersion = 10.0.40219.1
Project("{FAE04EC0-301F-11D3-BF4B-00C04F79EFBC}") = "3 - using_block", "3 - using_block\3 - using_block.csproj", "{27FC2D1A-C609-4878-84BA-99E9F0D5471D}"
EndProject
Global
	GlobalSection(SolutionConfigurationPlatforms) = preSolution
		Debug|Any CPU = Debug|Any CPU
		Release|Any CPU = Release|Any CPU
	EndGlobalSection
	GlobalSection(ProjectConfigurationPlatforms) = postSolution
		{27FC2D1A-C609-4878-84BA-99E9F0D5471D}.Debug|Any CPU.ActiveCfg = Debug|Any CPU
		{27FC2D1A-C609-4878-84BA-99E9F0D5471D}.Debug|Any CPU.Build.0 = Debug|Any CPU
		{27FC2D1A-C609-4878-84BA-99E9F0D5471D}.Release|Any CPU.ActiveCfg = Release|Any CPU
		{27FC2D1A-C609-4878-84BA-99E9F0D5471D}.Release|Any CPU.Build.0 = Release|Any CPU
	EndGlobalSection
	GlobalSection(SolutionProperties) = preSolution
		HideSolutionNode = FALSE
	EndGlobalSection
	GlobalSection(ExtensibilityGlobals) = postSolution
		SolutionGuid = {142C52B7-C0BD-4912-B41D-A5032A29C080}
	EndGlobalSection
EndGlobal
