
Microsoft Visual Studio Solution File, Format Version 12.00
# Visual Studio Version 17
VisualStudioVersion = 17.2.32616.157
MinimumVisualStudioVersion = 10.0.40219.1
Project("{FAE04EC0-301F-11D3-BF4B-00C04F79EFBC}") = "2_exemploVetor", "2_exemploVetor\2_exemploVetor.csproj", "{7FB4E3E0-14BC-4069-8D3F-67212DFE1F06}"
EndProject
Global
	GlobalSection(SolutionConfigurationPlatforms) = preSolution
		Debug|Any CPU = Debug|Any CPU
		Release|Any CPU = Release|Any CPU
	EndGlobalSection
	GlobalSection(ProjectConfigurationPlatforms) = postSolution
		{7FB4E3E0-14BC-4069-8D3F-67212DFE1F06}.Debug|Any CPU.ActiveCfg = Debug|Any CPU
		{7FB4E3E0-14BC-4069-8D3F-67212DFE1F06}.Debug|Any CPU.Build.0 = Debug|Any CPU
		{7FB4E3E0-14BC-4069-8D3F-67212DFE1F06}.Release|Any CPU.ActiveCfg = Release|Any CPU
		{7FB4E3E0-14BC-4069-8D3F-67212DFE1F06}.Release|Any CPU.Build.0 = Release|Any CPU
	EndGlobalSection
	GlobalSection(SolutionProperties) = preSolution
		HideSolutionNode = FALSE
	EndGlobalSection
	GlobalSection(ExtensibilityGlobals) = postSolution
		SolutionGuid = {33556D47-FE66-4D40-A3F6-4D2201C53828}
	EndGlobalSection
EndGlobal
