
Microsoft Visual Studio Solution File, Format Version 12.00
# Visual Studio Version 17
VisualStudioVersion = 17.2.32616.157
MinimumVisualStudioVersion = 10.0.40219.1
Project("{FAE04EC0-301F-11D3-BF4B-00C04F79EFBC}") = "Jokenpo", "Jokenpo\Jokenpo.csproj", "{7B399DF9-5B99-47E7-BA3D-46B5AAD069FE}"
EndProject
Global
	GlobalSection(SolutionConfigurationPlatforms) = preSolution
		Debug|Any CPU = Debug|Any CPU
		Release|Any CPU = Release|Any CPU
	EndGlobalSection
	GlobalSection(ProjectConfigurationPlatforms) = postSolution
		{7B399DF9-5B99-47E7-BA3D-46B5AAD069FE}.Debug|Any CPU.ActiveCfg = Debug|Any CPU
		{7B399DF9-5B99-47E7-BA3D-46B5AAD069FE}.Debug|Any CPU.Build.0 = Debug|Any CPU
		{7B399DF9-5B99-47E7-BA3D-46B5AAD069FE}.Release|Any CPU.ActiveCfg = Release|Any CPU
		{7B399DF9-5B99-47E7-BA3D-46B5AAD069FE}.Release|Any CPU.Build.0 = Release|Any CPU
	EndGlobalSection
	GlobalSection(SolutionProperties) = preSolution
		HideSolutionNode = FALSE
	EndGlobalSection
	GlobalSection(ExtensibilityGlobals) = postSolution
		SolutionGuid = {AEC07E60-E796-46DE-978A-22CBCB5FFB24}
	EndGlobalSection
EndGlobal
