
Microsoft Visual Studio Solution File, Format Version 12.00
# Visual Studio Version 17
VisualStudioVersion = 17.5.33414.496
MinimumVisualStudioVersion = 10.0.40219.1
Project("{FAE04EC0-301F-11D3-BF4B-00C04F79EFBC}") = "7 - Exercício", "7 - Exercício\7 - Exercício.csproj", "{0F5467A9-2A63-44C3-9A66-3FC4DC064588}"
EndProject
Global
	GlobalSection(SolutionConfigurationPlatforms) = preSolution
		Debug|Any CPU = Debug|Any CPU
		Release|Any CPU = Release|Any CPU
	EndGlobalSection
	GlobalSection(ProjectConfigurationPlatforms) = postSolution
		{0F5467A9-2A63-44C3-9A66-3FC4DC064588}.Debug|Any CPU.ActiveCfg = Debug|Any CPU
		{0F5467A9-2A63-44C3-9A66-3FC4DC064588}.Debug|Any CPU.Build.0 = Debug|Any CPU
		{0F5467A9-2A63-44C3-9A66-3FC4DC064588}.Release|Any CPU.ActiveCfg = Release|Any CPU
		{0F5467A9-2A63-44C3-9A66-3FC4DC064588}.Release|Any CPU.Build.0 = Release|Any CPU
	EndGlobalSection
	GlobalSection(SolutionProperties) = preSolution
		HideSolutionNode = FALSE
	EndGlobalSection
	GlobalSection(ExtensibilityGlobals) = postSolution
		SolutionGuid = {20F363F2-230E-4208-8E9E-DAD5D54A07B3}
	EndGlobalSection
EndGlobal
