
Microsoft Visual Studio Solution File, Format Version 12.00
# Visual Studio Version 17
VisualStudioVersion = 17.2.32616.157
MinimumVisualStudioVersion = 10.0.40219.1
Project("{FAE04EC0-301F-11D3-BF4B-00C04F79EFBC}") = "1_exemploVar", "1_exemploVar\1_exemploVar.csproj", "{84268435-4104-4990-A17B-0BB468ADB58A}"
EndProject
Global
	GlobalSection(SolutionConfigurationPlatforms) = preSolution
		Debug|Any CPU = Debug|Any CPU
		Release|Any CPU = Release|Any CPU
	EndGlobalSection
	GlobalSection(ProjectConfigurationPlatforms) = postSolution
		{84268435-4104-4990-A17B-0BB468ADB58A}.Debug|Any CPU.ActiveCfg = Debug|Any CPU
		{84268435-4104-4990-A17B-0BB468ADB58A}.Debug|Any CPU.Build.0 = Debug|Any CPU
		{84268435-4104-4990-A17B-0BB468ADB58A}.Release|Any CPU.ActiveCfg = Release|Any CPU
		{84268435-4104-4990-A17B-0BB468ADB58A}.Release|Any CPU.Build.0 = Release|Any CPU
	EndGlobalSection
	GlobalSection(SolutionProperties) = preSolution
		HideSolutionNode = FALSE
	EndGlobalSection
	GlobalSection(ExtensibilityGlobals) = postSolution
		SolutionGuid = {AB5AE2D4-9254-4088-8A07-342FE2FB2BBC}
	EndGlobalSection
EndGlobal
