
Microsoft Visual Studio Solution File, Format Version 12.00
# Visual Studio Version 17
VisualStudioVersion = 17.2.32616.157
MinimumVisualStudioVersion = 10.0.40219.1
Project("{FAE04EC0-301F-11D3-BF4B-00C04F79EFBC}") = "ExercicioProdutoTV_Autoproperties", "ExercicioProdutoTV_Autoproperties\ExercicioProdutoTV_Autoproperties.csproj", "{620A5080-6A2E-4219-8A71-AA63643EE171}"
EndProject
Global
	GlobalSection(SolutionConfigurationPlatforms) = preSolution
		Debug|Any CPU = Debug|Any CPU
		Release|Any CPU = Release|Any CPU
	EndGlobalSection
	GlobalSection(ProjectConfigurationPlatforms) = postSolution
		{620A5080-6A2E-4219-8A71-AA63643EE171}.Debug|Any CPU.ActiveCfg = Debug|Any CPU
		{620A5080-6A2E-4219-8A71-AA63643EE171}.Debug|Any CPU.Build.0 = Debug|Any CPU
		{620A5080-6A2E-4219-8A71-AA63643EE171}.Release|Any CPU.ActiveCfg = Release|Any CPU
		{620A5080-6A2E-4219-8A71-AA63643EE171}.Release|Any CPU.Build.0 = Release|Any CPU
	EndGlobalSection
	GlobalSection(SolutionProperties) = preSolution
		HideSolutionNode = FALSE
	EndGlobalSection
	GlobalSection(ExtensibilityGlobals) = postSolution
		SolutionGuid = {6DF3A8CC-AB51-4ED6-9180-84C75CE0B101}
	EndGlobalSection
EndGlobal
