
Microsoft Visual Studio Solution File, Format Version 12.00
# Visual Studio Version 17
VisualStudioVersion = 17.2.32616.157
MinimumVisualStudioVersion = 10.0.40219.1
Project("{FAE04EC0-301F-11D3-BF4B-00C04F79EFBC}") = "4_exercicioFixacao", "4_exercicioFixacao\4_exercicioFixacao.csproj", "{98E9B7DB-8496-4305-8C4B-162B81A6DD64}"
EndProject
Global
	GlobalSection(SolutionConfigurationPlatforms) = preSolution
		Debug|Any CPU = Debug|Any CPU
		Release|Any CPU = Release|Any CPU
	EndGlobalSection
	GlobalSection(ProjectConfigurationPlatforms) = postSolution
		{98E9B7DB-8496-4305-8C4B-162B81A6DD64}.Debug|Any CPU.ActiveCfg = Debug|Any CPU
		{98E9B7DB-8496-4305-8C4B-162B81A6DD64}.Debug|Any CPU.Build.0 = Debug|Any CPU
		{98E9B7DB-8496-4305-8C4B-162B81A6DD64}.Release|Any CPU.ActiveCfg = Release|Any CPU
		{98E9B7DB-8496-4305-8C4B-162B81A6DD64}.Release|Any CPU.Build.0 = Release|Any CPU
	EndGlobalSection
	GlobalSection(SolutionProperties) = preSolution
		HideSolutionNode = FALSE
	EndGlobalSection
	GlobalSection(ExtensibilityGlobals) = postSolution
		SolutionGuid = {141F6066-3997-4EA5-BAF3-D5F400C1AEB4}
	EndGlobalSection
EndGlobal
