
Microsoft Visual Studio Solution File, Format Version 12.00
# Visual Studio Version 17
VisualStudioVersion = 17.2.32616.157
MinimumVisualStudioVersion = 10.0.40219.1
Project("{FAE04EC0-301F-11D3-BF4B-00C04F79EFBC}") = "4_exemploFuncoesStrings", "4_exemploFuncoesStrings\4_exemploFuncoesStrings.csproj", "{BC6C2A4F-FCDA-42C5-812C-1DBFC54A494E}"
EndProject
Global
	GlobalSection(SolutionConfigurationPlatforms) = preSolution
		Debug|Any CPU = Debug|Any CPU
		Release|Any CPU = Release|Any CPU
	EndGlobalSection
	GlobalSection(ProjectConfigurationPlatforms) = postSolution
		{BC6C2A4F-FCDA-42C5-812C-1DBFC54A494E}.Debug|Any CPU.ActiveCfg = Debug|Any CPU
		{BC6C2A4F-FCDA-42C5-812C-1DBFC54A494E}.Debug|Any CPU.Build.0 = Debug|Any CPU
		{BC6C2A4F-FCDA-42C5-812C-1DBFC54A494E}.Release|Any CPU.ActiveCfg = Release|Any CPU
		{BC6C2A4F-FCDA-42C5-812C-1DBFC54A494E}.Release|Any CPU.Build.0 = Release|Any CPU
	EndGlobalSection
	GlobalSection(SolutionProperties) = preSolution
		HideSolutionNode = FALSE
	EndGlobalSection
	GlobalSection(ExtensibilityGlobals) = postSolution
		SolutionGuid = {AF60817D-7185-4872-9A59-9A5FEB87A6D1}
	EndGlobalSection
EndGlobal
