
Microsoft Visual Studio Solution File, Format Version 12.00
# Visual Studio Version 17
VisualStudioVersion = 17.2.32616.157
MinimumVisualStudioVersion = 10.0.40219.1
Project("{FAE04EC0-301F-11D3-BF4B-00C04F79EFBC}") = "Problema_exemplo_circunferência", "Problema_exemplo_circunferência\Problema_exemplo_circunferência.csproj", "{DACC3114-429A-4456-8A7D-0A8DFB8C53C7}"
EndProject
Global
	GlobalSection(SolutionConfigurationPlatforms) = preSolution
		Debug|Any CPU = Debug|Any CPU
		Release|Any CPU = Release|Any CPU
	EndGlobalSection
	GlobalSection(ProjectConfigurationPlatforms) = postSolution
		{DACC3114-429A-4456-8A7D-0A8DFB8C53C7}.Debug|Any CPU.ActiveCfg = Debug|Any CPU
		{DACC3114-429A-4456-8A7D-0A8DFB8C53C7}.Debug|Any CPU.Build.0 = Debug|Any CPU
		{DACC3114-429A-4456-8A7D-0A8DFB8C53C7}.Release|Any CPU.ActiveCfg = Release|Any CPU
		{DACC3114-429A-4456-8A7D-0A8DFB8C53C7}.Release|Any CPU.Build.0 = Release|Any CPU
	EndGlobalSection
	GlobalSection(SolutionProperties) = preSolution
		HideSolutionNode = FALSE
	EndGlobalSection
	GlobalSection(ExtensibilityGlobals) = postSolution
		SolutionGuid = {6A0688CE-E0FA-4D12-8BEF-CA727E866A54}
	EndGlobalSection
EndGlobal
