
Microsoft Visual Studio Solution File, Format Version 12.00
# Visual Studio Version 17
VisualStudioVersion = 17.2.32616.157
MinimumVisualStudioVersion = 10.0.40219.1
Project("{FAE04EC0-301F-11D3-BF4B-00C04F79EFBC}") = "5_exemploDateTime", "5_exemploDateTime\5_exemploDateTime.csproj", "{138E40EA-D6BD-4B90-A2F4-16FD516BF4DB}"
EndProject
Global
	GlobalSection(SolutionConfigurationPlatforms) = preSolution
		Debug|Any CPU = Debug|Any CPU
		Release|Any CPU = Release|Any CPU
	EndGlobalSection
	GlobalSection(ProjectConfigurationPlatforms) = postSolution
		{138E40EA-D6BD-4B90-A2F4-16FD516BF4DB}.Debug|Any CPU.ActiveCfg = Debug|Any CPU
		{138E40EA-D6BD-4B90-A2F4-16FD516BF4DB}.Debug|Any CPU.Build.0 = Debug|Any CPU
		{138E40EA-D6BD-4B90-A2F4-16FD516BF4DB}.Release|Any CPU.ActiveCfg = Release|Any CPU
		{138E40EA-D6BD-4B90-A2F4-16FD516BF4DB}.Release|Any CPU.Build.0 = Release|Any CPU
	EndGlobalSection
	GlobalSection(SolutionProperties) = preSolution
		HideSolutionNode = FALSE
	EndGlobalSection
	GlobalSection(ExtensibilityGlobals) = postSolution
		SolutionGuid = {C23B2572-3512-407E-8B39-866C32040420}
	EndGlobalSection
EndGlobal
