
Microsoft Visual Studio Solution File, Format Version 12.00
# Visual Studio Version 17
VisualStudioVersion = 17.2.32616.157
MinimumVisualStudioVersion = 10.0.40219.1
Project("{FAE04EC0-301F-11D3-BF4B-00C04F79EFBC}") = "Atividade_Triangulo", "Atividade_Triangulo\Atividade_Triangulo.csproj", "{7DF380A9-2280-4803-A423-32885D986F7F}"
EndProject
Global
	GlobalSection(SolutionConfigurationPlatforms) = preSolution
		Debug|Any CPU = Debug|Any CPU
		Release|Any CPU = Release|Any CPU
	EndGlobalSection
	GlobalSection(ProjectConfigurationPlatforms) = postSolution
		{7DF380A9-2280-4803-A423-32885D986F7F}.Debug|Any CPU.ActiveCfg = Debug|Any CPU
		{7DF380A9-2280-4803-A423-32885D986F7F}.Debug|Any CPU.Build.0 = Debug|Any CPU
		{7DF380A9-2280-4803-A423-32885D986F7F}.Release|Any CPU.ActiveCfg = Release|Any CPU
		{7DF380A9-2280-4803-A423-32885D986F7F}.Release|Any CPU.Build.0 = Release|Any CPU
	EndGlobalSection
	GlobalSection(SolutionProperties) = preSolution
		HideSolutionNode = FALSE
	EndGlobalSection
	GlobalSection(ExtensibilityGlobals) = postSolution
		SolutionGuid = {D475B577-273D-42C6-ABAE-C507D8160B2C}
	EndGlobalSection
EndGlobal
