
Microsoft Visual Studio Solution File, Format Version 12.00
# Visual Studio Version 17
VisualStudioVersion = 17.5.33414.496
MinimumVisualStudioVersion = 10.0.40219.1
Project("{FAE04EC0-301F-11D3-BF4B-00C04F79EFBC}") = "5_exemploTimeSpan", "5_exemploTimeSpan\5_exemploTimeSpan.csproj", "{9CBADF40-8C19-4BE0-BB9F-47284CFC44FB}"
EndProject
Global
	GlobalSection(SolutionConfigurationPlatforms) = preSolution
		Debug|Any CPU = Debug|Any CPU
		Release|Any CPU = Release|Any CPU
	EndGlobalSection
	GlobalSection(ProjectConfigurationPlatforms) = postSolution
		{9CBADF40-8C19-4BE0-BB9F-47284CFC44FB}.Debug|Any CPU.ActiveCfg = Debug|Any CPU
		{9CBADF40-8C19-4BE0-BB9F-47284CFC44FB}.Debug|Any CPU.Build.0 = Debug|Any CPU
		{9CBADF40-8C19-4BE0-BB9F-47284CFC44FB}.Release|Any CPU.ActiveCfg = Release|Any CPU
		{9CBADF40-8C19-4BE0-BB9F-47284CFC44FB}.Release|Any CPU.Build.0 = Release|Any CPU
	EndGlobalSection
	GlobalSection(SolutionProperties) = preSolution
		HideSolutionNode = FALSE
	EndGlobalSection
	GlobalSection(ExtensibilityGlobals) = postSolution
		SolutionGuid = {F5CC5A50-50A2-4EDA-92F6-692F1A90B89C}
	EndGlobalSection
EndGlobal
